// !$*UTF8*$!
{
	archiveVersion = 1;
	classes = {
	};
	objectVersion = 55;
	objects = {

/* Begin PBXBuildFile section */
		B7086C2427FD4614006F994D /* AppDelegate.m in Sources */ = {isa = PBXBuildFile; fileRef = B7086C2327FD4614006F994D /* AppDelegate.m */; };
		B7086C2F27FD4619006F994D /* Assets.xcassets in Resources */ = {isa = PBXBuildFile; fileRef = B7086C2E27FD4619006F994D /* Assets.xcassets */; };
		B7086C3527FD4619006F994D /* main.m in Sources */ = {isa = PBXBuildFile; fileRef = B7086C3427FD4619006F994D /* main.m */; };
		B7086C3F27FD461A006F994D /* BlogTests.m in Sources */ = {isa = PBXBuildFile; fileRef = B7086C3E27FD461A006F994D /* BlogTests.m */; };
		B7086C4927FD461A006F994D /* BlogUITests.m in Sources */ = {isa = PBXBuildFile; fileRef = B7086C4827FD461A006F994D /* BlogUITests.m */; };
		B7086C4B27FD461A006F994D /* BlogUITestsLaunchTests.m in Sources */ = {isa = PBXBuildFile; fileRef = B7086C4A27FD461A006F994D /* BlogUITestsLaunchTests.m */; };
		B7086C5C2809AB90006F994D /* FBViewController.m in Sources */ = {isa = PBXBuildFile; fileRef = B7086C5B2809AB90006F994D /* FBViewController.m */; };
		B74E4393283391BB00B75A3F /* FBTabBarController.m in Sources */ = {isa = PBXBuildFile; fileRef = B74E4392283391BB00B75A3F /* FBTabBarController.m */; };
/* End PBXBuildFile section */

/* Begin PBXContainerItemProxy section */
		B7086C3B27FD461A006F994D /* PBXContainerItemProxy */ = {
			isa = PBXContainerItemProxy;
			containerPortal = B7086C1727FD4613006F994D /* Project object */;
			proxyType = 1;
			remoteGlobalIDString = B7086C1E27FD4614006F994D;
			remoteInfo = Blog;
		};
		B7086C4527FD461A006F994D /* PBXContainerItemProxy */ = {
			isa = PBXContainerItemProxy;
			containerPortal = B7086C1727FD4613006F994D /* Project object */;
			proxyType = 1;
			remoteGlobalIDString = B7086C1E27FD4614006F994D;
			remoteInfo = Blog;
		};
/* End PBXContainerItemProxy section */

/* Begin PBXFileReference section */
		B7086C1F27FD4614006F994D /* Blog.app */ = {isa = PBXFileReference; explicitFileType = wrapper.application; includeInIndex = 0; path = Blog.app; sourceTree = BUILT_PRODUCTS_DIR; };
		B7086C2227FD4614006F994D /* AppDelegate.h */ = {isa = PBXFileReference; lastKnownFileType = sourcecode.c.h; path = AppDelegate.h; sourceTree = "<group>"; };
		B7086C2327FD4614006F994D /* AppDelegate.m */ = {isa = PBXFileReference; lastKnownFileType = sourcecode.c.objc; path = AppDelegate.m; sourceTree = "<group>"; };
		B7086C2E27FD4619006F994D /* Assets.xcassets */ = {isa = PBXFileReference; lastKnownFileType = folder.assetcatalog; path = Assets.xcassets; sourceTree = "<group>"; };
		B7086C3327FD4619006F994D /* Info.plist */ = {isa = PBXFileReference; lastKnownFileType = text.plist.xml; path = Info.plist; sourceTree = "<group>"; };
		B7086C3427FD4619006F994D /* main.m */ = {isa = PBXFileReference; lastKnownFileType = sourcecode.c.objc; path = main.m; sourceTree = "<group>"; };
		B7086C3A27FD461A006F994D /* BlogTests.xctest */ = {isa = PBXFileReference; explicitFileType = wrapper.cfbundle; includeInIndex = 0; path = BlogTests.xctest; sourceTree = BUILT_PRODUCTS_DIR; };
		B7086C3E27FD461A006F994D /* BlogTests.m */ = {isa = PBXFileReference; lastKnownFileType = sourcecode.c.objc; path = BlogTests.m; sourceTree = "<group>"; };
		B7086C4427FD461A006F994D /* BlogUITests.xctest */ = {isa = PBXFileReference; explicitFileType = wrapper.cfbundle; includeInIndex = 0; path = BlogUITests.xctest; sourceTree = BUILT_PRODUCTS_DIR; };
		B7086C4827FD461A006F994D /* BlogUITests.m */ = {isa = PBXFileReference; lastKnownFileType = sourcecode.c.objc; path = BlogUITests.m; sourceTree = "<group>"; };
		B7086C4A27FD461A006F994D /* BlogUITestsLaunchTests.m */ = {isa = PBXFileReference; lastKnownFileType = sourcecode.c.objc; path = BlogUITestsLaunchTests.m; sourceTree = "<group>"; };
		B7086C5A2809AB90006F994D /* FBViewController.h */ = {isa = PBXFileReference; lastKnownFileType = sourcecode.c.h; path = FBViewController.h; sourceTree = "<group>"; };
		B7086C5B2809AB90006F994D /* FBViewController.m */ = {isa = PBXFileReference; lastKnownFileType = sourcecode.c.objc; path = FBViewController.m; sourceTree = "<group>"; };
		B74E4391283391BB00B75A3F /* FBTabBarController.h */ = {isa = PBXFileReference; lastKnownFileType = sourcecode.c.h; path = FBTabBarController.h; sourceTree = "<group>"; };
		B74E4392283391BB00B75A3F /* FBTabBarController.m */ = {isa = PBXFileReference; lastKnownFileType = sourcecode.c.objc; path = FBTabBarController.m; sourceTree = "<group>"; };
/* End PBXFileReference section */

/* Begin PBXFrameworksBuildPhase section */
		B7086C1C27FD4614006F994D /* Frameworks */ = {
			isa = PBXFrameworksBuildPhase;
			buildActionMask = 2147483647;
			files = (
			);
			runOnlyForDeploymentPostprocessing = 0;
		};
		B7086C3727FD461A006F994D /* Frameworks */ = {
			isa = PBXFrameworksBuildPhase;
			buildActionMask = 2147483647;
			files = (
			);
			runOnlyForDeploymentPostprocessing = 0;
		};
		B7086C4127FD461A006F994D /* Frameworks */ = {
			isa = PBXFrameworksBuildPhase;
			buildActionMask = 2147483647;
			files = (
			);
			runOnlyForDeploymentPostprocessing = 0;
		};
/* End PBXFrameworksBuildPhase section */

/* Begin PBXGroup section */
		B7086C1627FD4613006F994D = {
			isa = PBXGroup;
			children = (
				B74E43902832954000B75A3F /* Supporting Files */,
				B7086C2127FD4614006F994D /* Blog */,
				B7086C3D27FD461A006F994D /* BlogTests */,
				B7086C4727FD461A006F994D /* BlogUITests */,
				B7086C2027FD4614006F994D /* Products */,
			);
			sourceTree = "<group>";
		};
		B7086C2027FD4614006F994D /* Products */ = {
			isa = PBXGroup;
			children = (
				B7086C1F27FD4614006F994D /* Blog.app */,
				B7086C3A27FD461A006F994D /* BlogTests.xctest */,
				B7086C4427FD461A006F994D /* BlogUITests.xctest */,
			);
			name = Products;
			sourceTree = "<group>";
		};
		B7086C2127FD4614006F994D /* Blog */ = {
			isa = PBXGroup;
			children = (
				B7086C2227FD4614006F994D /* AppDelegate.h */,
				B7086C2327FD4614006F994D /* AppDelegate.m */,
				B7086C3427FD4619006F994D /* main.m */,
				B7086C3327FD4619006F994D /* Info.plist */,
				B7086C5A2809AB90006F994D /* FBViewController.h */,
				B7086C5B2809AB90006F994D /* FBViewController.m */,
				B74E4391283391BB00B75A3F /* FBTabBarController.h */,
				B74E4392283391BB00B75A3F /* FBTabBarController.m */,
			);
			path = Blog;
			sourceTree = "<group>";
		};
		B7086C3D27FD461A006F994D /* BlogTests */ = {
			isa = PBXGroup;
			children = (
				B7086C3E27FD461A006F994D /* BlogTests.m */,
			);
			path = BlogTests;
			sourceTree = "<group>";
		};
		B7086C4727FD461A006F994D /* BlogUITests */ = {
			isa = PBXGroup;
			children = (
				B7086C4827FD461A006F994D /* BlogUITests.m */,
				B7086C4A27FD461A006F994D /* BlogUITestsLaunchTests.m */,
			);
			path = BlogUITests;
			sourceTree = "<group>";
		};
		B74E43902832954000B75A3F /* Supporting Files */ = {
			isa = PBXGroup;
			children = (
				B7086C2E27FD4619006F994D /* Assets.xcassets */,
			);
			path = "Supporting Files";
			sourceTree = "<group>";
		};
/* End PBXGroup section */

/* Begin PBXNativeTarget section */
		B7086C1E27FD4614006F994D /* Blog */ = {
			isa = PBXNativeTarget;
			buildConfigurationList = B7086C4E27FD461A006F994D /* Build configuration list for PBXNativeTarget "Blog" */;
			buildPhases = (
				B7086C1B27FD4614006F994D /* Sources */,
				B7086C1C27FD4614006F994D /* Frameworks */,
				B7086C1D27FD4614006F994D /* Resources */,
			);
			buildRules = (
			);
			dependencies = (
			);
			name = Blog;
			productName = Blog;
			productReference = B7086C1F27FD4614006F994D /* Blog.app */;
			productType = "com.apple.product-type.application";
		};
		B7086C3927FD461A006F994D /* BlogTests */ = {
			isa = PBXNativeTarget;
			buildConfigurationList = B7086C5127FD461A006F994D /* Build configuration list for PBXNativeTarget "BlogTests" */;
			buildPhases = (
				B7086C3627FD461A006F994D /* Sources */,
				B7086C3727FD461A006F994D /* Frameworks */,
				B7086C3827FD461A006F994D /* Resources */,
			);
			buildRules = (
			);
			dependencies = (
				B7086C3C27FD461A006F994D /* PBXTargetDependency */,
			);
			name = BlogTests;
			productName = BlogTests;
			productReference = B7086C3A27FD461A006F994D /* BlogTests.xctest */;
			productType = "com.apple.product-type.bundle.unit-test";
		};
		B7086C4327FD461A006F994D /* BlogUITests */ = {
			isa = PBXNativeTarget;
			buildConfigurationList = B7086C5427FD461A006F994D /* Build configuration list for PBXNativeTarget "BlogUITests" */;
			buildPhases = (
				B7086C4027FD461A006F994D /* Sources */,
				B7086C4127FD461A006F994D /* Frameworks */,
				B7086C4227FD461A006F994D /* Resources */,
			);
			buildRules = (
			);
			dependencies = (
				B7086C4627FD461A006F994D /* PBXTargetDependency */,
			);
			name = BlogUITests;
			productName = BlogUITests;
			productReference = B7086C4427FD461A006F994D /* BlogUITests.xctest */;
			productType = "com.apple.product-type.bundle.ui-testing";
		};
/* End PBXNativeTarget section */

/* Begin PBXProject section */
		B7086C1727FD4613006F994D /* Project object */ = {
			isa = PBXProject;
			attributes = {
				BuildIndependentTargetsInParallel = 1;
				CLASSPREFIX = FB;
				LastUpgradeCheck = 1330;
				ORGANIZATIONNAME = ByteDance;
				TargetAttributes = {
					B7086C1E27FD4614006F994D = {
						CreatedOnToolsVersion = 13.3;
					};
					B7086C3927FD461A006F994D = {
						CreatedOnToolsVersion = 13.3;
						TestTargetID = B7086C1E27FD4614006F994D;
					};
					B7086C4327FD461A006F994D = {
						CreatedOnToolsVersion = 13.3;
						TestTargetID = B7086C1E27FD4614006F994D;
					};
				};
			};
			buildConfigurationList = B7086C1A27FD4613006F994D /* Build configuration list for PBXProject "Blog" */;
			compatibilityVersion = "Xcode 13.0";
			developmentRegion = en;
			hasScannedForEncodings = 0;
			knownRegions = (
				en,
				Base,
			);
			mainGroup = B7086C1627FD4613006F994D;
			productRefGroup = B7086C2027FD4614006F994D /* Products */;
			projectDirPath = "";
			projectRoot = "";
			targets = (
				B7086C1E27FD4614006F994D /* Blog */,
				B7086C3927FD461A006F994D /* BlogTests */,
				B7086C4327FD461A006F994D /* BlogUITests */,
			);
		};
/* End PBXProject section */

/* Begin PBXResourcesBuildPhase section */
		B7086C1D27FD4614006F994D /* Resources */ = {
			isa = PBXResourcesBuildPhase;
			buildActionMask = 2147483647;
			files = (
				B7086C2F27FD4619006F994D /* Assets.xcassets in Resources */,
			);
			runOnlyForDeploymentPostprocessing = 0;
		};
		B7086C3827FD461A006F994D /* Resources */ = {
			isa = PBXResourcesBuildPhase;
			buildActionMask = 2147483647;
			files = (
			);
			runOnlyForDeploymentPostprocessing = 0;
		};
		B7086C4227FD461A006F994D /* Resources */ = {
			isa = PBXResourcesBuildPhase;
			buildActionMask = 2147483647;
			files = (
			);
			runOnlyForDeploymentPostprocessing = 0;
		};
/* End PBXResourcesBuildPhase section */

/* Begin PBXSourcesBuildPhase section */
		B7086C1B27FD4614006F994D /* Sources */ = {
			isa = PBXSourcesBuildPhase;
			buildActionMask = 2147483647;
			files = (
				B7086C2427FD4614006F994D /* AppDelegate.m in Sources */,
				B7086C3527FD4619006F994D /* main.m in Sources */,
				B7086C5C2809AB90006F994D /* FBViewController.m in Sources */,
				B74E4393283391BB00B75A3F /* FBTabBarController.m in Sources */,
			);
			runOnlyForDeploymentPostprocessing = 0;
		};
		B7086C3627FD461A006F994D /* Sources */ = {
			isa = PBXSourcesBuildPhase;
			buildActionMask = 2147483647;
			files = (
				B7086C3F27FD461A006F994D /* BlogTests.m in Sources */,
			);
			runOnlyForDeploymentPostprocessing = 0;
		};
		B7086C4027FD461A006F994D /* Sources */ = {
			isa = PBXSourcesBuildPhase;
			buildActionMask = 2147483647;
			files = (
				B7086C4B27FD461A006F994D /* BlogUITestsLaunchTests.m in Sources */,
				B7086C4927FD461A006F994D /* BlogUITests.m in Sources */,
			);
			runOnlyForDeploymentPostprocessing = 0;
		};
/* End PBXSourcesBuildPhase section */

/* Begin PBXTargetDependency section */
		B7086C3C27FD461A006F994D /* PBXTargetDependency */ = {
			isa = PBXTargetDependency;
			target = B7086C1E27FD4614006F994D /* Blog */;
			targetProxy = B7086C3B27FD461A006F994D /* PBXContainerItemProxy */;
		};
		B7086C4627FD461A006F994D /* PBXTargetDependency */ = {
			isa = PBXTargetDependency;
			target = B7086C1E27FD4614006F994D /* Blog */;
			targetProxy = B7086C4527FD461A006F994D /* PBXContainerItemProxy */;
		};
/* End PBXTargetDependency section */

/* Begin XCBuildConfiguration section */
		B7086C4C27FD461A006F994D /* Debug */ = {
			isa = XCBuildConfiguration;
			buildSettings = {
				ALWAYS_SEARCH_USER_PATHS = NO;
				CLANG_ANALYZER_NONNULL = YES;
				CLANG_ANALYZER_NUMBER_OBJECT_CONVERSION = YES_AGGRESSIVE;
				CLANG_CXX_LANGUAGE_STANDARD = "gnu++17";
				CLANG_ENABLE_MODULES = YES;
				CLANG_ENABLE_OBJC_ARC = YES;
				CLANG_ENABLE_OBJC_WEAK = YES;
				CLANG_WARN_BLOCK_CAPTURE_AUTORELEASING = YES;
				CLANG_WARN_BOOL_CONVERSION = YES;
				CLANG_WARN_COMMA = YES;
				CLANG_WARN_CONSTANT_CONVERSION = YES;
				CLANG_WARN_DEPRECATED_OBJC_IMPLEMENTATIONS = YES;
				CLANG_WARN_DIRECT_OBJC_ISA_USAGE = YES_ERROR;
				CLANG_WARN_DOCUMENTATION_COMMENTS = YES;
				CLANG_WARN_EMPTY_BODY = YES;
				CLANG_WARN_ENUM_CONVERSION = YES;
				CLANG_WARN_INFINITE_RECURSION = YES;
				CLANG_WARN_INT_CONVERSION = YES;
				CLANG_WARN_NON_LITERAL_NULL_CONVERSION = YES;
				CLANG_WARN_OBJC_IMPLICIT_RETAIN_SELF = YES;
				CLANG_WARN_OBJC_LITERAL_CONVERSION = YES;
				CLANG_WARN_OBJC_ROOT_CLASS = YES_ERROR;
				CLANG_WARN_QUOTED_INCLUDE_IN_FRAMEWORK_HEADER = YES;
				CLANG_WARN_RANGE_LOOP_ANALYSIS = YES;
				CLANG_WARN_STRICT_PROTOTYPES = YES;
				CLANG_WARN_SUSPICIOUS_MOVE = YES;
				CLANG_WARN_UNGUARDED_AVAILABILITY = YES_AGGRESSIVE;
				CLANG_WARN_UNREACHABLE_CODE = YES;
				CLANG_WARN__DUPLICATE_METHOD_MATCH = YES;
				COPY_PHASE_STRIP = NO;
				DEBUG_INFORMATION_FORMAT = dwarf;
				ENABLE_STRICT_OBJC_MSGSEND = YES;
				ENABLE_TESTABILITY = YES;
				GCC_C_LANGUAGE_STANDARD = gnu11;
				GCC_DYNAMIC_NO_PIC = NO;
				GCC_NO_COMMON_BLOCKS = YES;
				GCC_OPTIMIZATION_LEVEL = 0;
				GCC_PREPROCESSOR_DEFINITIONS = (
					"DEBUG=1",
					"$(inherited)",
				);
				GCC_WARN_64_TO_32_BIT_CONVERSION = YES;
				GCC_WARN_ABOUT_RETURN_TYPE = YES_ERROR;
				GCC_WARN_UNDECLARED_SELECTOR = YES;
				GCC_WARN_UNINITIALIZED_AUTOS = YES_AGGRESSIVE;
				GCC_WARN_UNUSED_FUNCTION = YES;
				GCC_WARN_UNUSED_VARIABLE = YES;
				IPHONEOS_DEPLOYMENT_TARGET = 15.4;
				MTL_ENABLE_DEBUG_INFO = INCLUDE_SOURCE;
				MTL_FAST_MATH = YES;
				ONLY_ACTIVE_ARCH = YES;
				SDKROOT = iphoneos;
			};
			name = Debug;
		};
		B7086C4D27FD461A006F994D /* Release */ = {
			isa = XCBuildConfiguration;
			buildSettings = {
				ALWAYS_SEARCH_USER_PATHS = NO;
				CLANG_ANALYZER_NONNULL = YES;
				CLANG_ANALYZER_NUMBER_OBJECT_CONVERSION = YES_AGGRESSIVE;
				CLANG_CXX_LANGUAGE_STANDARD = "gnu++17";
				CLANG_ENABLE_MODULES = YES;
				CLANG_ENABLE_OBJC_ARC = YES;
				CLANG_ENABLE_OBJC_WEAK = YES;
				CLANG_WARN_BLOCK_CAPTURE_AUTORELEASING = YES;
				CLANG_WARN_BOOL_CONVERSION = YES;
				CLANG_WARN_COMMA = YES;
				CLANG_WARN_CONSTANT_CONVERSION = YES;
				CLANG_WARN_DEPRECATED_OBJC_IMPLEMENTATIONS = YES;
				CLANG_WARN_DIRECT_OBJC_ISA_USAGE = YES_ERROR;
				CLANG_WARN_DOCUMENTATION_COMMENTS = YES;
				CLANG_WARN_EMPTY_BODY = YES;
				CLANG_WARN_ENUM_CONVERSION = YES;
				CLANG_WARN_INFINITE_RECURSION = YES;
				CLANG_WARN_INT_CONVERSION = YES;
				CLANG_WARN_NON_LITERAL_NULL_CONVERSION = YES;
				CLANG_WARN_OBJC_IMPLICIT_RETAIN_SELF = YES;
				CLANG_WARN_OBJC_LITERAL_CONVERSION = YES;
				CLANG_WARN_OBJC_ROOT_CLASS = YES_ERROR;
				CLANG_WARN_QUOTED_INCLUDE_IN_FRAMEWORK_HEADER = YES;
				CLANG_WARN_RANGE_LOOP_ANALYSIS = YES;
				CLANG_WARN_STRICT_PROTOTYPES = YES;
				CLANG_WARN_SUSPICIOUS_MOVE = YES;
				CLANG_WARN_UNGUARDED_AVAILABILITY = YES_AGGRESSIVE;
				CLANG_WARN_UNREACHABLE_CODE = YES;
				CLANG_WARN__DUPLICATE_METHOD_MATCH = YES;
				COPY_PHASE_STRIP = NO;
				DEBUG_INFORMATION_FORMAT = "dwarf-with-dsym";
				ENABLE_NS_ASSERTIONS = NO;
				ENABLE_STRICT_OBJC_MSGSEND = YES;
				GCC_C_LANGUAGE_STANDARD = gnu11;
				GCC_NO_COMMON_BLOCKS = YES;
				GCC_WARN_64_TO_32_BIT_CONVERSION = YES;
				GCC_WARN_ABOUT_RETURN_TYPE = YES_ERROR;
				GCC_WARN_UNDECLARED_SELECTOR = YES;
				GCC_WARN_UNINITIALIZED_AUTOS = YES_AGGRESSIVE;
				GCC_WARN_UNUSED_FUNCTION = YES;
				GCC_WARN_UNUSED_VARIABLE = YES;
				IPHONEOS_DEPLOYMENT_TARGET = 15.4;
				MTL_ENABLE_DEBUG_INFO = NO;
				MTL_FAST_MATH = YES;
				SDKROOT = iphoneos;
				VALIDATE_PRODUCT = YES;
			};
			name = Release;
		};
		B7086C4F27FD461A006F994D /* Debug */ = {
			isa = XCBuildConfiguration;
			buildSettings = {
				ASSETCATALOG_COMPILER_APPICON_NAME = AppIcon;
				ASSETCATALOG_COMPILER_GLOBAL_ACCENT_COLOR_NAME = AccentColor;
				CODE_SIGN_STYLE = Automatic;
				CURRENT_PROJECT_VERSION = 1;
				GENERATE_INFOPLIST_FILE = YES;
				INFOPLIST_FILE = Blog/Info.plist;
				INFOPLIST_KEY_UIApplicationSupportsIndirectInputEvents = YES;
				INFOPLIST_KEY_UILaunchStoryboardName = LaunchScreen;
				INFOPLIST_KEY_UISupportedInterfaceOrientations = UIInterfaceOrientationPortrait;
				INFOPLIST_KEY_UISupportedInterfaceOrientations_iPad = "UIInterfaceOrientationPortrait UIInterfaceOrientationPortraitUpsideDown UIInterfaceOrientationLandscapeLeft UIInterfaceOrientationLandscapeRight";
				INFOPLIST_KEY_UISupportedInterfaceOrientations_iPhone = "UIInterfaceOrientationPortrait UIInterfaceOrientationLandscapeLeft UIInterfaceOrientationLandscapeRight";
				LD_RUNPATH_SEARCH_PATHS = (
					"$(inherited)",
					"@executable_path/Frameworks",
				);
				MARKETING_VERSION = 1.0;
				PRODUCT_BUNDLE_IDENTIFIER = Fozza.Blog;
				PRODUCT_NAME = "$(TARGET_NAME)";
				SWIFT_EMIT_LOC_STRINGS = YES;
				TARGETED_DEVICE_FAMILY = 1;
			};
			name = Debug;
		};
		B7086C5027FD461A006F994D /* Release */ = {
			isa = XCBuildConfiguration;
			buildSettings = {
				ASSETCATALOG_COMPILER_APPICON_NAME = AppIcon;
				ASSETCATALOG_COMPILER_GLOBAL_ACCENT_COLOR_NAME = AccentColor;
				CODE_SIGN_STYLE = Automatic;
				CURRENT_PROJECT_VERSION = 1;
				GENERATE_INFOPLIST_FILE = YES;
				INFOPLIST_FILE = Blog/Info.plist;
				INFOPLIST_KEY_UIApplicationSupportsIndirectInputEvents = YES;
				INFOPLIST_KEY_UILaunchStoryboardName = LaunchScreen;
				INFOPLIST_KEY_UISupportedInterfaceOrientations = UIInterfaceOrientationPortrait;
				INFOPLIST_KEY_UISupportedInterfaceOrientations_iPad = "UIInterfaceOrientationPortrait UIInterfaceOrientationPortraitUpsideDown UIInterfaceOrientationLandscapeLeft UIInterfaceOrientationLandscapeRight";
				INFOPLIST_KEY_UISupportedInterfaceOrientations_iPhone = "UIInterfaceOrientationPortrait UIInterfaceOrientationLandscapeLeft UIInterfaceOrientationLandscapeRight";
				LD_RUNPATH_SEARCH_PATHS = (
					"$(inherited)",
					"@executable_path/Frameworks",
				);
				MARKETING_VERSION = 1.0;
				PRODUCT_BUNDLE_IDENTIFIER = Fozza.Blog;
				PRODUCT_NAME = "$(TARGET_NAME)";
				SWIFT_EMIT_LOC_STRINGS = YES;
				TARGETED_DEVICE_FAMILY = 1;
			};
			name = Release;
		};
		B7086C5227FD461A006F994D /* Debug */ = {
			isa = XCBuildConfiguration;
			buildSettings = {
				BUNDLE_LOADER = "$(TEST_HOST)";
				CODE_SIGN_STYLE = Automatic;
				CURRENT_PROJECT_VERSION = 1;
				GENERATE_INFOPLIST_FILE = YES;
				IPHONEOS_DEPLOYMENT_TARGET = 15.4;
				MARKETING_VERSION = 1.0;
				PRODUCT_BUNDLE_IDENTIFIER = Fozza.BlogTests;
				PRODUCT_NAME = "$(TARGET_NAME)";
				SWIFT_EMIT_LOC_STRINGS = NO;
				TARGETED_DEVICE_FAMILY = "1,2";
				TEST_HOST = "$(BUILT_PRODUCTS_DIR)/Blog.app/Blog";
			};
			name = Debug;
		};
		B7086C5327FD461A006F994D /* Release */ = {
			isa = XCBuildConfiguration;
			buildSettings = {
				BUNDLE_LOADER = "$(TEST_HOST)";
				CODE_SIGN_STYLE = Automatic;
				CURRENT_PROJECT_VERSION = 1;
				GENERATE_INFOPLIST_FILE = YES;
				IPHONEOS_DEPLOYMENT_TARGET = 15.4;
				MARKETING_VERSION = 1.0;
				PRODUCT_BUNDLE_IDENTIFIER = Fozza.BlogTests;
				PRODUCT_NAME = "$(TARGET_NAME)";
				SWIFT_EMIT_LOC_STRINGS = NO;
				TARGETED_DEVICE_FAMILY = "1,2";
				TEST_HOST = "$(BUILT_PRODUCTS_DIR)/Blog.app/Blog";
			};
			name = Release;
		};
		B7086C5527FD461A006F994D /* Debug */ = {
			isa = XCBuildConfiguration;
			buildSettings = {
				CODE_SIGN_STYLE = Automatic;
				CURRENT_PROJECT_VERSION = 1;
				GENERATE_INFOPLIST_FILE = YES;
				MARKETING_VERSION = 1.0;
				PRODUCT_BUNDLE_IDENTIFIER = Fozza.BlogUITests;
				PRODUCT_NAME = "$(TARGET_NAME)";
				SWIFT_EMIT_LOC_STRINGS = NO;
				TARGETED_DEVICE_FAMILY = "1,2";
				TEST_TARGET_NAME = Blog;
			};
			name = Debug;
		};
		B7086C5627FD461A006F994D /* Release */ = {
			isa = XCBuildConfiguration;
			buildSettings = {
				CODE_SIGN_STYLE = Automatic;
				CURRENT_PROJECT_VERSION = 1;
				GENERATE_INFOPLIST_FILE = YES;
				MARKETING_VERSION = 1.0;
				PRODUCT_BUNDLE_IDENTIFIER = Fozza.BlogUITests;
				PRODUCT_NAME = "$(TARGET_NAME)";
				SWIFT_EMIT_LOC_STRINGS = NO;
				TARGETED_DEVICE_FAMILY = "1,2";
				TEST_TARGET_NAME = Blog;
			};
			name = Release;
		};
/* End XCBuildConfiguration section */

/* Begin XCConfigurationList section */
		B7086C1A27FD4613006F994D /* Build configuration list for PBXProject "Blog" */ = {
			isa = XCConfigurationList;
			buildConfigurations = (
				B7086C4C27FD461A006F994D /* Debug */,
				B7086C4D27FD461A006F994D /* Release */,
			);
			defaultConfigurationIsVisible = 0;
			defaultConfigurationName = Release;
		};
		B7086C4E27FD461A006F994D /* Build configuration list for PBXNativeTarget "Blog" */ = {
			isa = XCConfigurationList;
			buildConfigurations = (
				B7086C4F27FD461A006F994D /* Debug */,
				B7086C5027FD461A006F994D /* Release */,
			);
			defaultConfigurationIsVisible = 0;
			defaultConfigurationName = Release;
		};
		B7086C5127FD461A006F994D /* Build configuration list for PBXNativeTarget "BlogTests" */ = {
			isa = XCConfigurationList;
			buildConfigurations = (
				B7086C5227FD461A006F994D /* Debug */,
				B7086C5327FD461A006F994D /* Release */,
			);
			defaultConfigurationIsVisible = 0;
			defaultConfigurationName = Release;
		};
		B7086C5427FD461A006F994D /* Build configuration list for PBXNativeTarget "BlogUITests" */ = {
			isa = XCConfigurationList;
			buildConfigurations = (
				B7086C5527FD461A006F994D /* Debug */,
				B7086C5627FD461A006F994D /* Release */,
			);
			defaultConfigurationIsVisible = 0;
			defaultConfigurationName = Release;
		};
/* End XCConfigurationList section */
	};
	rootObject = B7086C1727FD4613006F994D /* Project object */;
}
